// !$*UTF8*$!
{
	archiveVersion = 1;
	classes = {
	};
	objectVersion = 56;
	objects = {

/* Begin PBXBuildFile section */
		DCE1F3502B87978A00E7F9BC /* AppDelegate.swift in Sources */ = {isa = PBXBuildFile; fileRef = DCE1F34F2B87978A00E7F9BC /* AppDelegate.swift */; };
		DCE1F3522B87978A00E7F9BC /* SceneDelegate.swift in Sources */ = {isa = PBXBuildFile; fileRef = DCE1F3512B87978A00E7F9BC /* SceneDelegate.swift */; };
		DCE1F3592B87978A00E7F9BC /* Assets.xcassets in Resources */ = {isa = PBXBuildFile; fileRef = DCE1F3582B87978A00E7F9BC /* Assets.xcassets */; };
		DCE1F35C2B87978A00E7F9BC /* LaunchScreen.storyboard in Resources */ = {isa = PBXBuildFile; fileRef = DCE1F35A2B87978A00E7F9BC /* LaunchScreen.storyboard */; };
		DCE1F3672B87978A00E7F9BC /* CryptoTrackerTests.swift in Sources */ = {isa = PBXBuildFile; fileRef = DCE1F3662B87978A00E7F9BC /* CryptoTrackerTests.swift */; };
		DCE1F3712B87978A00E7F9BC /* CryptoTrackerUITests.swift in Sources */ = {isa = PBXBuildFile; fileRef = DCE1F3702B87978A00E7F9BC /* CryptoTrackerUITests.swift */; };
		DCE1F3732B87978A00E7F9BC /* CryptoTrackerUITestsLaunchTests.swift in Sources */ = {isa = PBXBuildFile; fileRef = DCE1F3722B87978A00E7F9BC /* CryptoTrackerUITestsLaunchTests.swift */; };
		DCE1F3852B87A42600E7F9BC /* HomeViewController.swift in Sources */ = {isa = PBXBuildFile; fileRef = DCE1F3842B87A42600E7F9BC /* HomeViewController.swift */; };
		DCE1F3882B87A70A00E7F9BC /* CryptoCurrencyModel.swift in Sources */ = {isa = PBXBuildFile; fileRef = DCE1F3872B87A70A00E7F9BC /* CryptoCurrencyModel.swift */; };
		DCE1F38B2B87A88A00E7F9BC /* HttpMethods.swift in Sources */ = {isa = PBXBuildFile; fileRef = DCE1F38A2B87A88A00E7F9BC /* HttpMethods.swift */; };
		DCE1F38D2B87A8B800E7F9BC /* NetworkError.swift in Sources */ = {isa = PBXBuildFile; fileRef = DCE1F38C2B87A8B800E7F9BC /* NetworkError.swift */; };
		DCE1F38F2B87A8FD00E7F9BC /* NetworkClient.swift in Sources */ = {isa = PBXBuildFile; fileRef = DCE1F38E2B87A8FD00E7F9BC /* NetworkClient.swift */; };
		DCE1F3922B87A99C00E7F9BC /* Requestable.swift in Sources */ = {isa = PBXBuildFile; fileRef = DCE1F3912B87A99C00E7F9BC /* Requestable.swift */; };
		DCE1F3942B87B2BF00E7F9BC /* NetworkRequestObject.swift in Sources */ = {isa = PBXBuildFile; fileRef = DCE1F3932B87B2BF00E7F9BC /* NetworkRequestObject.swift */; };
		DCE1F3962B87B2F900E7F9BC /* NetworkRequestObjectProtocol.swift in Sources */ = {isa = PBXBuildFile; fileRef = DCE1F3952B87B2F900E7F9BC /* NetworkRequestObjectProtocol.swift */; };
		DCE1F3982B87B6C900E7F9BC /* CryptoCard.swift in Sources */ = {isa = PBXBuildFile; fileRef = DCE1F3972B87B6C900E7F9BC /* CryptoCard.swift */; };
		DCE1F39A2B87C9A900E7F9BC /* Bindable.swift in Sources */ = {isa = PBXBuildFile; fileRef = DCE1F3992B87C9A900E7F9BC /* Bindable.swift */; };
		DCE1F39D2B87CF7F00E7F9BC /* UITableView+Extensions.swift in Sources */ = {isa = PBXBuildFile; fileRef = DCE1F39C2B87CF7F00E7F9BC /* UITableView+Extensions.swift */; };
		DCE1F39F2B87D30700E7F9BC /* CryptoCardViewModel.swift in Sources */ = {isa = PBXBuildFile; fileRef = DCE1F39E2B87D30700E7F9BC /* CryptoCardViewModel.swift */; };
		DCE1F3A12B87D4CC00E7F9BC /* Asset.swift in Sources */ = {isa = PBXBuildFile; fileRef = DCE1F3A02B87D4CC00E7F9BC /* Asset.swift */; };
		DCE1F3A32B87DF1300E7F9BC /* HomeViewModel.swift in Sources */ = {isa = PBXBuildFile; fileRef = DCE1F3A22B87DF1300E7F9BC /* HomeViewModel.swift */; };
		DCE1F3A52B87E0B500E7F9BC /* ApiPath.swift in Sources */ = {isa = PBXBuildFile; fileRef = DCE1F3A42B87E0B500E7F9BC /* ApiPath.swift */; };
/* End PBXBuildFile section */

/* Begin PBXContainerItemProxy section */
		DCE1F3632B87978A00E7F9BC /* PBXContainerItemProxy */ = {
			isa = PBXContainerItemProxy;
			containerPortal = DCE1F3442B87978900E7F9BC /* Project object */;
			proxyType = 1;
			remoteGlobalIDString = DCE1F34B2B87978A00E7F9BC;
			remoteInfo = CryptoTracker;
		};
		DCE1F36D2B87978A00E7F9BC /* PBXContainerItemProxy */ = {
			isa = PBXContainerItemProxy;
			containerPortal = DCE1F3442B87978900E7F9BC /* Project object */;
			proxyType = 1;
			remoteGlobalIDString = DCE1F34B2B87978A00E7F9BC;
			remoteInfo = CryptoTracker;
		};
/* End PBXContainerItemProxy section */

/* Begin PBXFileReference section */
		DCE1F34C2B87978A00E7F9BC /* CryptoTracker.app */ = {isa = PBXFileReference; explicitFileType = wrapper.application; includeInIndex = 0; path = CryptoTracker.app; sourceTree = BUILT_PRODUCTS_DIR; };
		DCE1F34F2B87978A00E7F9BC /* AppDelegate.swift */ = {isa = PBXFileReference; lastKnownFileType = sourcecode.swift; path = AppDelegate.swift; sourceTree = "<group>"; };
		DCE1F3512B87978A00E7F9BC /* SceneDelegate.swift */ = {isa = PBXFileReference; lastKnownFileType = sourcecode.swift; path = SceneDelegate.swift; sourceTree = "<group>"; };
		DCE1F3582B87978A00E7F9BC /* Assets.xcassets */ = {isa = PBXFileReference; lastKnownFileType = folder.assetcatalog; path = Assets.xcassets; sourceTree = "<group>"; };
		DCE1F35B2B87978A00E7F9BC /* Base */ = {isa = PBXFileReference; lastKnownFileType = file.storyboard; name = Base; path = Base.lproj/LaunchScreen.storyboard; sourceTree = "<group>"; };
		DCE1F35D2B87978A00E7F9BC /* Info.plist */ = {isa = PBXFileReference; lastKnownFileType = text.plist.xml; path = Info.plist; sourceTree = "<group>"; };
		DCE1F3622B87978A00E7F9BC /* CryptoTrackerTests.xctest */ = {isa = PBXFileReference; explicitFileType = wrapper.cfbundle; includeInIndex = 0; path = CryptoTrackerTests.xctest; sourceTree = BUILT_PRODUCTS_DIR; };
		DCE1F3662B87978A00E7F9BC /* CryptoTrackerTests.swift */ = {isa = PBXFileReference; lastKnownFileType = sourcecode.swift; path = CryptoTrackerTests.swift; sourceTree = "<group>"; };
		DCE1F36C2B87978A00E7F9BC /* CryptoTrackerUITests.xctest */ = {isa = PBXFileReference; explicitFileType = wrapper.cfbundle; includeInIndex = 0; path = CryptoTrackerUITests.xctest; sourceTree = BUILT_PRODUCTS_DIR; };
		DCE1F3702B87978A00E7F9BC /* CryptoTrackerUITests.swift */ = {isa = PBXFileReference; lastKnownFileType = sourcecode.swift; path = CryptoTrackerUITests.swift; sourceTree = "<group>"; };
		DCE1F3722B87978A00E7F9BC /* CryptoTrackerUITestsLaunchTests.swift */ = {isa = PBXFileReference; lastKnownFileType = sourcecode.swift; path = CryptoTrackerUITestsLaunchTests.swift; sourceTree = "<group>"; };
		DCE1F3842B87A42600E7F9BC /* HomeViewController.swift */ = {isa = PBXFileReference; lastKnownFileType = sourcecode.swift; path = HomeViewController.swift; sourceTree = "<group>"; };
		DCE1F3872B87A70A00E7F9BC /* CryptoCurrencyModel.swift */ = {isa = PBXFileReference; lastKnownFileType = sourcecode.swift; path = CryptoCurrencyModel.swift; sourceTree = "<group>"; };
		DCE1F38A2B87A88A00E7F9BC /* HttpMethods.swift */ = {isa = PBXFileReference; lastKnownFileType = sourcecode.swift; path = HttpMethods.swift; sourceTree = "<group>"; };
		DCE1F38C2B87A8B800E7F9BC /* NetworkError.swift */ = {isa = PBXFileReference; lastKnownFileType = sourcecode.swift; path = NetworkError.swift; sourceTree = "<group>"; };
		DCE1F38E2B87A8FD00E7F9BC /* NetworkClient.swift */ = {isa = PBXFileReference; lastKnownFileType = sourcecode.swift; path = NetworkClient.swift; sourceTree = "<group>"; };
		DCE1F3912B87A99C00E7F9BC /* Requestable.swift */ = {isa = PBXFileReference; lastKnownFileType = sourcecode.swift; path = Requestable.swift; sourceTree = "<group>"; };
		DCE1F3932B87B2BF00E7F9BC /* NetworkRequestObject.swift */ = {isa = PBXFileReference; lastKnownFileType = sourcecode.swift; path = NetworkRequestObject.swift; sourceTree = "<group>"; };
		DCE1F3952B87B2F900E7F9BC /* NetworkRequestObjectProtocol.swift */ = {isa = PBXFileReference; lastKnownFileType = sourcecode.swift; path = NetworkRequestObjectProtocol.swift; sourceTree = "<group>"; };
		DCE1F3972B87B6C900E7F9BC /* CryptoCard.swift */ = {isa = PBXFileReference; lastKnownFileType = sourcecode.swift; path = CryptoCard.swift; sourceTree = "<group>"; };
		DCE1F3992B87C9A900E7F9BC /* Bindable.swift */ = {isa = PBXFileReference; lastKnownFileType = sourcecode.swift; path = Bindable.swift; sourceTree = "<group>"; };
		DCE1F39C2B87CF7F00E7F9BC /* UITableView+Extensions.swift */ = {isa = PBXFileReference; lastKnownFileType = sourcecode.swift; path = "UITableView+Extensions.swift"; sourceTree = "<group>"; };
		DCE1F39E2B87D30700E7F9BC /* CryptoCardViewModel.swift */ = {isa = PBXFileReference; lastKnownFileType = sourcecode.swift; path = CryptoCardViewModel.swift; sourceTree = "<group>"; };
		DCE1F3A02B87D4CC00E7F9BC /* Asset.swift */ = {isa = PBXFileReference; lastKnownFileType = sourcecode.swift; path = Asset.swift; sourceTree = "<group>"; };
		DCE1F3A22B87DF1300E7F9BC /* HomeViewModel.swift */ = {isa = PBXFileReference; lastKnownFileType = sourcecode.swift; path = HomeViewModel.swift; sourceTree = "<group>"; };
		DCE1F3A42B87E0B500E7F9BC /* ApiPath.swift */ = {isa = PBXFileReference; lastKnownFileType = sourcecode.swift; path = ApiPath.swift; sourceTree = "<group>"; };
/* End PBXFileReference section */

/* Begin PBXFrameworksBuildPhase section */
		DCE1F3492B87978A00E7F9BC /* Frameworks */ = {
			isa = PBXFrameworksBuildPhase;
			buildActionMask = 2147483647;
			files = (
			);
			runOnlyForDeploymentPostprocessing = 0;
		};
		DCE1F35F2B87978A00E7F9BC /* Frameworks */ = {
			isa = PBXFrameworksBuildPhase;
			buildActionMask = 2147483647;
			files = (
			);
			runOnlyForDeploymentPostprocessing = 0;
		};
		DCE1F3692B87978A00E7F9BC /* Frameworks */ = {
			isa = PBXFrameworksBuildPhase;
			buildActionMask = 2147483647;
			files = (
			);
			runOnlyForDeploymentPostprocessing = 0;
		};
/* End PBXFrameworksBuildPhase section */

/* Begin PBXGroup section */
		DCE1F3432B87978900E7F9BC = {
			isa = PBXGroup;
			children = (
				DCE1F34E2B87978A00E7F9BC /* CryptoTracker */,
				DCE1F3652B87978A00E7F9BC /* CryptoTrackerTests */,
				DCE1F36F2B87978A00E7F9BC /* CryptoTrackerUITests */,
				DCE1F34D2B87978A00E7F9BC /* Products */,
			);
			sourceTree = "<group>";
		};
		DCE1F34D2B87978A00E7F9BC /* Products */ = {
			isa = PBXGroup;
			children = (
				DCE1F34C2B87978A00E7F9BC /* CryptoTracker.app */,
				DCE1F3622B87978A00E7F9BC /* CryptoTrackerTests.xctest */,
				DCE1F36C2B87978A00E7F9BC /* CryptoTrackerUITests.xctest */,
			);
			name = Products;
			sourceTree = "<group>";
		};
		DCE1F34E2B87978A00E7F9BC /* CryptoTracker */ = {
			isa = PBXGroup;
			children = (
				DCE1F39B2B87CF7000E7F9BC /* Extensions */,
				DCE1F3902B87A96400E7F9BC /* Protocols */,
				DCE1F3892B87A87D00E7F9BC /* Networking */,
				DCE1F3862B87A6FA00E7F9BC /* Model */,
				DCE1F3832B87A3F900E7F9BC /* ViewModel */,
				DCE1F3822B87A3F000E7F9BC /* Controllers */,
				DCE1F3812B87A3EB00E7F9BC /* Views */,
				DCE1F3802B87A3DE00E7F9BC /* Resources */,
				DCE1F37F2B87A3D800E7F9BC /* Application */,
				DCE1F35D2B87978A00E7F9BC /* Info.plist */,
			);
			path = CryptoTracker;
			sourceTree = "<group>";
		};
		DCE1F3652B87978A00E7F9BC /* CryptoTrackerTests */ = {
			isa = PBXGroup;
			children = (
				DCE1F3662B87978A00E7F9BC /* CryptoTrackerTests.swift */,
			);
			path = CryptoTrackerTests;
			sourceTree = "<group>";
		};
		DCE1F36F2B87978A00E7F9BC /* CryptoTrackerUITests */ = {
			isa = PBXGroup;
			children = (
				DCE1F3702B87978A00E7F9BC /* CryptoTrackerUITests.swift */,
				DCE1F3722B87978A00E7F9BC /* CryptoTrackerUITestsLaunchTests.swift */,
			);
			path = CryptoTrackerUITests;
			sourceTree = "<group>";
		};
		DCE1F37F2B87A3D800E7F9BC /* Application */ = {
			isa = PBXGroup;
			children = (
				DCE1F35A2B87978A00E7F9BC /* LaunchScreen.storyboard */,
				DCE1F34F2B87978A00E7F9BC /* AppDelegate.swift */,
				DCE1F3512B87978A00E7F9BC /* SceneDelegate.swift */,
			);
			path = Application;
			sourceTree = "<group>";
		};
		DCE1F3802B87A3DE00E7F9BC /* Resources */ = {
			isa = PBXGroup;
			children = (
				DCE1F3582B87978A00E7F9BC /* Assets.xcassets */,
				DCE1F3A02B87D4CC00E7F9BC /* Asset.swift */,
			);
			path = Resources;
			sourceTree = "<group>";
		};
		DCE1F3812B87A3EB00E7F9BC /* Views */ = {
			isa = PBXGroup;
			children = (
				DCE1F3972B87B6C900E7F9BC /* CryptoCard.swift */,
			);
			path = Views;
			sourceTree = "<group>";
		};
		DCE1F3822B87A3F000E7F9BC /* Controllers */ = {
			isa = PBXGroup;
			children = (
				DCE1F3842B87A42600E7F9BC /* HomeViewController.swift */,
			);
			path = Controllers;
			sourceTree = "<group>";
		};
		DCE1F3832B87A3F900E7F9BC /* ViewModel */ = {
			isa = PBXGroup;
			children = (
				DCE1F39E2B87D30700E7F9BC /* CryptoCardViewModel.swift */,
				DCE1F3A22B87DF1300E7F9BC /* HomeViewModel.swift */,
			);
			path = ViewModel;
			sourceTree = "<group>";
		};
		DCE1F3862B87A6FA00E7F9BC /* Model */ = {
			isa = PBXGroup;
			children = (
				DCE1F3872B87A70A00E7F9BC /* CryptoCurrencyModel.swift */,
			);
			path = Model;
			sourceTree = "<group>";
		};
		DCE1F3892B87A87D00E7F9BC /* Networking */ = {
			isa = PBXGroup;
			children = (
				DCE1F38A2B87A88A00E7F9BC /* HttpMethods.swift */,
				DCE1F38C2B87A8B800E7F9BC /* NetworkError.swift */,
				DCE1F38E2B87A8FD00E7F9BC /* NetworkClient.swift */,
				DCE1F3932B87B2BF00E7F9BC /* NetworkRequestObject.swift */,
				DCE1F3A42B87E0B500E7F9BC /* ApiPath.swift */,
			);
			path = Networking;
			sourceTree = "<group>";
		};
		DCE1F3902B87A96400E7F9BC /* Protocols */ = {
			isa = PBXGroup;
			children = (
				DCE1F3912B87A99C00E7F9BC /* Requestable.swift */,
				DCE1F3952B87B2F900E7F9BC /* NetworkRequestObjectProtocol.swift */,
				DCE1F3992B87C9A900E7F9BC /* Bindable.swift */,
			);
			path = Protocols;
			sourceTree = "<group>";
		};
		DCE1F39B2B87CF7000E7F9BC /* Extensions */ = {
			isa = PBXGroup;
			children = (
				DCE1F39C2B87CF7F00E7F9BC /* UITableView+Extensions.swift */,
			);
			path = Extensions;
			sourceTree = "<group>";
		};
/* End PBXGroup section */

/* Begin PBXNativeTarget section */
		DCE1F34B2B87978A00E7F9BC /* CryptoTracker */ = {
			isa = PBXNativeTarget;
			buildConfigurationList = DCE1F3762B87978A00E7F9BC /* Build configuration list for PBXNativeTarget "CryptoTracker" */;
			buildPhases = (
				DCE1F3482B87978A00E7F9BC /* Sources */,
				DCE1F3492B87978A00E7F9BC /* Frameworks */,
				DCE1F34A2B87978A00E7F9BC /* Resources */,
			);
			buildRules = (
			);
			dependencies = (
			);
			name = CryptoTracker;
			productName = CryptoTracker;
			productReference = DCE1F34C2B87978A00E7F9BC /* CryptoTracker.app */;
			productType = "com.apple.product-type.application";
		};
		DCE1F3612B87978A00E7F9BC /* CryptoTrackerTests */ = {
			isa = PBXNativeTarget;
			buildConfigurationList = DCE1F3792B87978A00E7F9BC /* Build configuration list for PBXNativeTarget "CryptoTrackerTests" */;
			buildPhases = (
				DCE1F35E2B87978A00E7F9BC /* Sources */,
				DCE1F35F2B87978A00E7F9BC /* Frameworks */,
				DCE1F3602B87978A00E7F9BC /* Resources */,
			);
			buildRules = (
			);
			dependencies = (
				DCE1F3642B87978A00E7F9BC /* PBXTargetDependency */,
			);
			name = CryptoTrackerTests;
			productName = CryptoTrackerTests;
			productReference = DCE1F3622B87978A00E7F9BC /* CryptoTrackerTests.xctest */;
			productType = "com.apple.product-type.bundle.unit-test";
		};
		DCE1F36B2B87978A00E7F9BC /* CryptoTrackerUITests */ = {
			isa = PBXNativeTarget;
			buildConfigurationList = DCE1F37C2B87978A00E7F9BC /* Build configuration list for PBXNativeTarget "CryptoTrackerUITests" */;
			buildPhases = (
				DCE1F3682B87978A00E7F9BC /* Sources */,
				DCE1F3692B87978A00E7F9BC /* Frameworks */,
				DCE1F36A2B87978A00E7F9BC /* Resources */,
			);
			buildRules = (
			);
			dependencies = (
				DCE1F36E2B87978A00E7F9BC /* PBXTargetDependency */,
			);
			name = CryptoTrackerUITests;
			productName = CryptoTrackerUITests;
			productReference = DCE1F36C2B87978A00E7F9BC /* CryptoTrackerUITests.xctest */;
			productType = "com.apple.product-type.bundle.ui-testing";
		};
/* End PBXNativeTarget section */

/* Begin PBXProject section */
		DCE1F3442B87978900E7F9BC /* Project object */ = {
			isa = PBXProject;
			attributes = {
				BuildIndependentTargetsInParallel = 1;
				LastSwiftUpdateCheck = 1510;
				LastUpgradeCheck = 1510;
				TargetAttributes = {
					DCE1F34B2B87978A00E7F9BC = {
						CreatedOnToolsVersion = 15.1;
					};
					DCE1F3612B87978A00E7F9BC = {
						CreatedOnToolsVersion = 15.1;
						TestTargetID = DCE1F34B2B87978A00E7F9BC;
					};
					DCE1F36B2B87978A00E7F9BC = {
						CreatedOnToolsVersion = 15.1;
						TestTargetID = DCE1F34B2B87978A00E7F9BC;
					};
				};
			};
			buildConfigurationList = DCE1F3472B87978900E7F9BC /* Build configuration list for PBXProject "CryptoTracker" */;
			compatibilityVersion = "Xcode 14.0";
			developmentRegion = en;
			hasScannedForEncodings = 0;
			knownRegions = (
				en,
				Base,
			);
			mainGroup = DCE1F3432B87978900E7F9BC;
			productRefGroup = DCE1F34D2B87978A00E7F9BC /* Products */;
			projectDirPath = "";
			projectRoot = "";
			targets = (
				DCE1F34B2B87978A00E7F9BC /* CryptoTracker */,
				DCE1F3612B87978A00E7F9BC /* CryptoTrackerTests */,
				DCE1F36B2B87978A00E7F9BC /* CryptoTrackerUITests */,
			);
		};
/* End PBXProject section */

/* Begin PBXResourcesBuildPhase section */
		DCE1F34A2B87978A00E7F9BC /* Resources */ = {
			isa = PBXResourcesBuildPhase;
			buildActionMask = 2147483647;
			files = (
				DCE1F35C2B87978A00E7F9BC /* LaunchScreen.storyboard in Resources */,
				DCE1F3592B87978A00E7F9BC /* Assets.xcassets in Resources */,
			);
			runOnlyForDeploymentPostprocessing = 0;
		};
		DCE1F3602B87978A00E7F9BC /* Resources */ = {
			isa = PBXResourcesBuildPhase;
			buildActionMask = 2147483647;
			files = (
			);
			runOnlyForDeploymentPostprocessing = 0;
		};
		DCE1F36A2B87978A00E7F9BC /* Resources */ = {
			isa = PBXResourcesBuildPhase;
			buildActionMask = 2147483647;
			files = (
			);
			runOnlyForDeploymentPostprocessing = 0;
		};
/* End PBXResourcesBuildPhase section */

/* Begin PBXSourcesBuildPhase section */
		DCE1F3482B87978A00E7F9BC /* Sources */ = {
			isa = PBXSourcesBuildPhase;
			buildActionMask = 2147483647;
			files = (
				DCE1F38B2B87A88A00E7F9BC /* HttpMethods.swift in Sources */,
				DCE1F3942B87B2BF00E7F9BC /* NetworkRequestObject.swift in Sources */,
				DCE1F39A2B87C9A900E7F9BC /* Bindable.swift in Sources */,
				DCE1F3A32B87DF1300E7F9BC /* HomeViewModel.swift in Sources */,
				DCE1F3922B87A99C00E7F9BC /* Requestable.swift in Sources */,
				DCE1F3962B87B2F900E7F9BC /* NetworkRequestObjectProtocol.swift in Sources */,
				DCE1F39F2B87D30700E7F9BC /* CryptoCardViewModel.swift in Sources */,
				DCE1F3502B87978A00E7F9BC /* AppDelegate.swift in Sources */,
				DCE1F3882B87A70A00E7F9BC /* CryptoCurrencyModel.swift in Sources */,
				DCE1F38F2B87A8FD00E7F9BC /* NetworkClient.swift in Sources */,
				DCE1F39D2B87CF7F00E7F9BC /* UITableView+Extensions.swift in Sources */,
				DCE1F3522B87978A00E7F9BC /* SceneDelegate.swift in Sources */,
				DCE1F38D2B87A8B800E7F9BC /* NetworkError.swift in Sources */,
				DCE1F3A12B87D4CC00E7F9BC /* Asset.swift in Sources */,
				DCE1F3A52B87E0B500E7F9BC /* ApiPath.swift in Sources */,
				DCE1F3982B87B6C900E7F9BC /* CryptoCard.swift in Sources */,
				DCE1F3852B87A42600E7F9BC /* HomeViewController.swift in Sources */,
			);
			runOnlyForDeploymentPostprocessing = 0;
		};
		DCE1F35E2B87978A00E7F9BC /* Sources */ = {
			isa = PBXSourcesBuildPhase;
			buildActionMask = 2147483647;
			files = (
				DCE1F3672B87978A00E7F9BC /* CryptoTrackerTests.swift in Sources */,
			);
			runOnlyForDeploymentPostprocessing = 0;
		};
		DCE1F3682B87978A00E7F9BC /* Sources */ = {
			isa = PBXSourcesBuildPhase;
			buildActionMask = 2147483647;
			files = (
				DCE1F3732B87978A00E7F9BC /* CryptoTrackerUITestsLaunchTests.swift in Sources */,
				DCE1F3712B87978A00E7F9BC /* CryptoTrackerUITests.swift in Sources */,
			);
			runOnlyForDeploymentPostprocessing = 0;
		};
/* End PBXSourcesBuildPhase section */

/* Begin PBXTargetDependency section */
		DCE1F3642B87978A00E7F9BC /* PBXTargetDependency */ = {
			isa = PBXTargetDependency;
			target = DCE1F34B2B87978A00E7F9BC /* CryptoTracker */;
			targetProxy = DCE1F3632B87978A00E7F9BC /* PBXContainerItemProxy */;
		};
		DCE1F36E2B87978A00E7F9BC /* PBXTargetDependency */ = {
			isa = PBXTargetDependency;
			target = DCE1F34B2B87978A00E7F9BC /* CryptoTracker */;
			targetProxy = DCE1F36D2B87978A00E7F9BC /* PBXContainerItemProxy */;
		};
/* End PBXTargetDependency section */

/* Begin PBXVariantGroup section */
		DCE1F35A2B87978A00E7F9BC /* LaunchScreen.storyboard */ = {
			isa = PBXVariantGroup;
			children = (
				DCE1F35B2B87978A00E7F9BC /* Base */,
			);
			name = LaunchScreen.storyboard;
			sourceTree = "<group>";
		};
/* End PBXVariantGroup section */

/* Begin XCBuildConfiguration section */
		DCE1F3742B87978A00E7F9BC /* Debug */ = {
			isa = XCBuildConfiguration;
			buildSettings = {
				ALWAYS_SEARCH_USER_PATHS = NO;
				ASSETCATALOG_COMPILER_GENERATE_SWIFT_ASSET_SYMBOL_EXTENSIONS = YES;
				CLANG_ANALYZER_NONNULL = YES;
				CLANG_ANALYZER_NUMBER_OBJECT_CONVERSION = YES_AGGRESSIVE;
				CLANG_CXX_LANGUAGE_STANDARD = "gnu++20";
				CLANG_ENABLE_MODULES = YES;
				CLANG_ENABLE_OBJC_ARC = YES;
				CLANG_ENABLE_OBJC_WEAK = YES;
				CLANG_WARN_BLOCK_CAPTURE_AUTORELEASING = YES;
				CLANG_WARN_BOOL_CONVERSION = YES;
				CLANG_WARN_COMMA = YES;
				CLANG_WARN_CONSTANT_CONVERSION = YES;
				CLANG_WARN_DEPRECATED_OBJC_IMPLEMENTATIONS = YES;
				CLANG_WARN_DIRECT_OBJC_ISA_USAGE = YES_ERROR;
				CLANG_WARN_DOCUMENTATION_COMMENTS = YES;
				CLANG_WARN_EMPTY_BODY = YES;
				CLANG_WARN_ENUM_CONVERSION = YES;
				CLANG_WARN_INFINITE_RECURSION = YES;
				CLANG_WARN_INT_CONVERSION = YES;
				CLANG_WARN_NON_LITERAL_NULL_CONVERSION = YES;
				CLANG_WARN_OBJC_IMPLICIT_RETAIN_SELF = YES;
				CLANG_WARN_OBJC_LITERAL_CONVERSION = YES;
				CLANG_WARN_OBJC_ROOT_CLASS = YES_ERROR;
				CLANG_WARN_QUOTED_INCLUDE_IN_FRAMEWORK_HEADER = YES;
				CLANG_WARN_RANGE_LOOP_ANALYSIS = YES;
				CLANG_WARN_STRICT_PROTOTYPES = YES;
				CLANG_WARN_SUSPICIOUS_MOVE = YES;
				CLANG_WARN_UNGUARDED_AVAILABILITY = YES_AGGRESSIVE;
				CLANG_WARN_UNREACHABLE_CODE = YES;
				CLANG_WARN__DUPLICATE_METHOD_MATCH = YES;
				COPY_PHASE_STRIP = NO;
				DEBUG_INFORMATION_FORMAT = dwarf;
				ENABLE_STRICT_OBJC_MSGSEND = YES;
				ENABLE_TESTABILITY = YES;
				ENABLE_USER_SCRIPT_SANDBOXING = YES;
				GCC_C_LANGUAGE_STANDARD = gnu17;
				GCC_DYNAMIC_NO_PIC = NO;
				GCC_NO_COMMON_BLOCKS = YES;
				GCC_OPTIMIZATION_LEVEL = 0;
				GCC_PREPROCESSOR_DEFINITIONS = (
					"DEBUG=1",
					"$(inherited)",
				);
				GCC_WARN_64_TO_32_BIT_CONVERSION = YES;
				GCC_WARN_ABOUT_RETURN_TYPE = YES_ERROR;
				GCC_WARN_UNDECLARED_SELECTOR = YES;
				GCC_WARN_UNINITIALIZED_AUTOS = YES_AGGRESSIVE;
				GCC_WARN_UNUSED_FUNCTION = YES;
				GCC_WARN_UNUSED_VARIABLE = YES;
				IPHONEOS_DEPLOYMENT_TARGET = 17.2;
				LOCALIZATION_PREFERS_STRING_CATALOGS = YES;
				MTL_ENABLE_DEBUG_INFO = INCLUDE_SOURCE;
				MTL_FAST_MATH = YES;
				ONLY_ACTIVE_ARCH = YES;
				SDKROOT = iphoneos;
				SWIFT_ACTIVE_COMPILATION_CONDITIONS = "DEBUG $(inherited)";
				SWIFT_OPTIMIZATION_LEVEL = "-Onone";
			};
			name = Debug;
		};
		DCE1F3752B87978A00E7F9BC /* Release */ = {
			isa = XCBuildConfiguration;
			buildSettings = {
				ALWAYS_SEARCH_USER_PATHS = NO;
				ASSETCATALOG_COMPILER_GENERATE_SWIFT_ASSET_SYMBOL_EXTENSIONS = YES;
				CLANG_ANALYZER_NONNULL = YES;
				CLANG_ANALYZER_NUMBER_OBJECT_CONVERSION = YES_AGGRESSIVE;
				CLANG_CXX_LANGUAGE_STANDARD = "gnu++20";
				CLANG_ENABLE_MODULES = YES;
				CLANG_ENABLE_OBJC_ARC = YES;
				CLANG_ENABLE_OBJC_WEAK = YES;
				CLANG_WARN_BLOCK_CAPTURE_AUTORELEASING = YES;
				CLANG_WARN_BOOL_CONVERSION = YES;
				CLANG_WARN_COMMA = YES;
				CLANG_WARN_CONSTANT_CONVERSION = YES;
				CLANG_WARN_DEPRECATED_OBJC_IMPLEMENTATIONS = YES;
				CLANG_WARN_DIRECT_OBJC_ISA_USAGE = YES_ERROR;
				CLANG_WARN_DOCUMENTATION_COMMENTS = YES;
				CLANG_WARN_EMPTY_BODY = YES;
				CLANG_WARN_ENUM_CONVERSION = YES;
				CLANG_WARN_INFINITE_RECURSION = YES;
				CLANG_WARN_INT_CONVERSION = YES;
				CLANG_WARN_NON_LITERAL_NULL_CONVERSION = YES;
				CLANG_WARN_OBJC_IMPLICIT_RETAIN_SELF = YES;
				CLANG_WARN_OBJC_LITERAL_CONVERSION = YES;
				CLANG_WARN_OBJC_ROOT_CLASS = YES_ERROR;
				CLANG_WARN_QUOTED_INCLUDE_IN_FRAMEWORK_HEADER = YES;
				CLANG_WARN_RANGE_LOOP_ANALYSIS = YES;
				CLANG_WARN_STRICT_PROTOTYPES = YES;
				CLANG_WARN_SUSPICIOUS_MOVE = YES;
				CLANG_WARN_UNGUARDED_AVAILABILITY = YES_AGGRESSIVE;
				CLANG_WARN_UNREACHABLE_CODE = YES;
				CLANG_WARN__DUPLICATE_METHOD_MATCH = YES;
				COPY_PHASE_STRIP = NO;
				DEBUG_INFORMATION_FORMAT = "dwarf-with-dsym";
				ENABLE_NS_ASSERTIONS = NO;
				ENABLE_STRICT_OBJC_MSGSEND = YES;
				ENABLE_USER_SCRIPT_SANDBOXING = YES;
				GCC_C_LANGUAGE_STANDARD = gnu17;
				GCC_NO_COMMON_BLOCKS = YES;
				GCC_WARN_64_TO_32_BIT_CONVERSION = YES;
				GCC_WARN_ABOUT_RETURN_TYPE = YES_ERROR;
				GCC_WARN_UNDECLARED_SELECTOR = YES;
				GCC_WARN_UNINITIALIZED_AUTOS = YES_AGGRESSIVE;
				GCC_WARN_UNUSED_FUNCTION = YES;
				GCC_WARN_UNUSED_VARIABLE = YES;
				IPHONEOS_DEPLOYMENT_TARGET = 17.2;
				LOCALIZATION_PREFERS_STRING_CATALOGS = YES;
				MTL_ENABLE_DEBUG_INFO = NO;
				MTL_FAST_MATH = YES;
				SDKROOT = iphoneos;
				SWIFT_COMPILATION_MODE = wholemodule;
				VALIDATE_PRODUCT = YES;
			};
			name = Release;
		};
		DCE1F3772B87978A00E7F9BC /* Debug */ = {
			isa = XCBuildConfiguration;
			buildSettings = {
				ASSETCATALOG_COMPILER_APPICON_NAME = AppIcon;
				ASSETCATALOG_COMPILER_GLOBAL_ACCENT_COLOR_NAME = AccentColor;
				CODE_SIGN_STYLE = Automatic;
				CURRENT_PROJECT_VERSION = 1;
				DEVELOPMENT_TEAM = 5H7QL83244;
				GENERATE_INFOPLIST_FILE = YES;
				INFOPLIST_FILE = CryptoTracker/Info.plist;
				INFOPLIST_KEY_CFBundleDisplayName = CryptoTracker;
				INFOPLIST_KEY_UIApplicationSupportsIndirectInputEvents = YES;
				INFOPLIST_KEY_UILaunchStoryboardName = LaunchScreen;
				INFOPLIST_KEY_UIStatusBarStyle = "";
				INFOPLIST_KEY_UISupportedInterfaceOrientations = UIInterfaceOrientationPortrait;
				LD_RUNPATH_SEARCH_PATHS = (
					"$(inherited)",
					"@executable_path/Frameworks",
				);
				MARKETING_VERSION = 1.0;
				PRODUCT_BUNDLE_IDENTIFIER = com.avijeet.CryptoTracker;
				PRODUCT_NAME = "$(TARGET_NAME)";
				SWIFT_EMIT_LOC_STRINGS = YES;
				SWIFT_VERSION = 5.0;
				TARGETED_DEVICE_FAMILY = "1,2";
			};
			name = Debug;
		};
		DCE1F3782B87978A00E7F9BC /* Release */ = {
			isa = XCBuildConfiguration;
			buildSettings = {
				ASSETCATALOG_COMPILER_APPICON_NAME = AppIcon;
				ASSETCATALOG_COMPILER_GLOBAL_ACCENT_COLOR_NAME = AccentColor;
				CODE_SIGN_STYLE = Automatic;
				CURRENT_PROJECT_VERSION = 1;
				DEVELOPMENT_TEAM = 5H7QL83244;
				GENERATE_INFOPLIST_FILE = YES;
				INFOPLIST_FILE = CryptoTracker/Info.plist;
				INFOPLIST_KEY_CFBundleDisplayName = CryptoTracker;
				INFOPLIST_KEY_UIApplicationSupportsIndirectInputEvents = YES;
				INFOPLIST_KEY_UILaunchStoryboardName = LaunchScreen;
				INFOPLIST_KEY_UIStatusBarStyle = "";
				INFOPLIST_KEY_UISupportedInterfaceOrientations = UIInterfaceOrientationPortrait;
				LD_RUNPATH_SEARCH_PATHS = (
					"$(inherited)",
					"@executable_path/Frameworks",
				);
				MARKETING_VERSION = 1.0;
				PRODUCT_BUNDLE_IDENTIFIER = com.avijeet.CryptoTracker;
				PRODUCT_NAME = "$(TARGET_NAME)";
				SWIFT_EMIT_LOC_STRINGS = YES;
				SWIFT_VERSION = 5.0;
				TARGETED_DEVICE_FAMILY = "1,2";
			};
			name = Release;
		};
		DCE1F37A2B87978A00E7F9BC /* Debug */ = {
			isa = XCBuildConfiguration;
			buildSettings = {
				ALWAYS_EMBED_SWIFT_STANDARD_LIBRARIES = YES;
				BUNDLE_LOADER = "$(TEST_HOST)";
				CODE_SIGN_STYLE = Automatic;
				CURRENT_PROJECT_VERSION = 1;
				DEVELOPMENT_TEAM = 5H7QL83244;
				GENERATE_INFOPLIST_FILE = YES;
				IPHONEOS_DEPLOYMENT_TARGET = 17.2;
				MARKETING_VERSION = 1.0;
				PRODUCT_BUNDLE_IDENTIFIER = com.avijeet.CryptoTrackerTests;
				PRODUCT_NAME = "$(TARGET_NAME)";
				SWIFT_EMIT_LOC_STRINGS = NO;
				SWIFT_VERSION = 5.0;
				TARGETED_DEVICE_FAMILY = "1,2";
				TEST_HOST = "$(BUILT_PRODUCTS_DIR)/CryptoTracker.app/$(BUNDLE_EXECUTABLE_FOLDER_PATH)/CryptoTracker";
			};
			name = Debug;
		};
		DCE1F37B2B87978A00E7F9BC /* Release */ = {
			isa = XCBuildConfiguration;
			buildSettings = {
				ALWAYS_EMBED_SWIFT_STANDARD_LIBRARIES = YES;
				BUNDLE_LOADER = "$(TEST_HOST)";
				CODE_SIGN_STYLE = Automatic;
				CURRENT_PROJECT_VERSION = 1;
				DEVELOPMENT_TEAM = 5H7QL83244;
				GENERATE_INFOPLIST_FILE = YES;
				IPHONEOS_DEPLOYMENT_TARGET = 17.2;
				MARKETING_VERSION = 1.0;
				PRODUCT_BUNDLE_IDENTIFIER = com.avijeet.CryptoTrackerTests;
				PRODUCT_NAME = "$(TARGET_NAME)";
				SWIFT_EMIT_LOC_STRINGS = NO;
				SWIFT_VERSION = 5.0;
				TARGETED_DEVICE_FAMILY = "1,2";
				TEST_HOST = "$(BUILT_PRODUCTS_DIR)/CryptoTracker.app/$(BUNDLE_EXECUTABLE_FOLDER_PATH)/CryptoTracker";
			};
			name = Release;
		};
		DCE1F37D2B87978A00E7F9BC /* Debug */ = {
			isa = XCBuildConfiguration;
			buildSettings = {
				ALWAYS_EMBED_SWIFT_STANDARD_LIBRARIES = YES;
				CODE_SIGN_STYLE = Automatic;
				CURRENT_PROJECT_VERSION = 1;
				DEVELOPMENT_TEAM = 5H7QL83244;
				GENERATE_INFOPLIST_FILE = YES;
				MARKETING_VERSION = 1.0;
				PRODUCT_BUNDLE_IDENTIFIER = com.avijeet.CryptoTrackerUITests;
				PRODUCT_NAME = "$(TARGET_NAME)";
				SWIFT_EMIT_LOC_STRINGS = NO;
				SWIFT_VERSION = 5.0;
				TARGETED_DEVICE_FAMILY = "1,2";
				TEST_TARGET_NAME = CryptoTracker;
			};
			name = Debug;
		};
		DCE1F37E2B87978A00E7F9BC /* Release */ = {
			isa = XCBuildConfiguration;
			buildSettings = {
				ALWAYS_EMBED_SWIFT_STANDARD_LIBRARIES = YES;
				CODE_SIGN_STYLE = Automatic;
				CURRENT_PROJECT_VERSION = 1;
				DEVELOPMENT_TEAM = 5H7QL83244;
				GENERATE_INFOPLIST_FILE = YES;
				MARKETING_VERSION = 1.0;
				PRODUCT_BUNDLE_IDENTIFIER = com.avijeet.CryptoTrackerUITests;
				PRODUCT_NAME = "$(TARGET_NAME)";
				SWIFT_EMIT_LOC_STRINGS = NO;
				SWIFT_VERSION = 5.0;
				TARGETED_DEVICE_FAMILY = "1,2";
				TEST_TARGET_NAME = CryptoTracker;
			};
			name = Release;
		};
/* End XCBuildConfiguration section */

/* Begin XCConfigurationList section */
		DCE1F3472B87978900E7F9BC /* Build configuration list for PBXProject "CryptoTracker" */ = {
			isa = XCConfigurationList;
			buildConfigurations = (
				DCE1F3742B87978A00E7F9BC /* Debug */,
				DCE1F3752B87978A00E7F9BC /* Release */,
			);
			defaultConfigurationIsVisible = 0;
			defaultConfigurationName = Release;
		};
		DCE1F3762B87978A00E7F9BC /* Build configuration list for PBXNativeTarget "CryptoTracker" */ = {
			isa = XCConfigurationList;
			buildConfigurations = (
				DCE1F3772B87978A00E7F9BC /* Debug */,
				DCE1F3782B87978A00E7F9BC /* Release */,
			);
			defaultConfigurationIsVisible = 0;
			defaultConfigurationName = Release;
		};
		DCE1F3792B87978A00E7F9BC /* Build configuration list for PBXNativeTarget "CryptoTrackerTests" */ = {
			isa = XCConfigurationList;
			buildConfigurations = (
				DCE1F37A2B87978A00E7F9BC /* Debug */,
				DCE1F37B2B87978A00E7F9BC /* Release */,
			);
			defaultConfigurationIsVisible = 0;
			defaultConfigurationName = Release;
		};
		DCE1F37C2B87978A00E7F9BC /* Build configuration list for PBXNativeTarget "CryptoTrackerUITests" */ = {
			isa = XCConfigurationList;
			buildConfigurations = (
				DCE1F37D2B87978A00E7F9BC /* Debug */,
				DCE1F37E2B87978A00E7F9BC /* Release */,
			);
			defaultConfigurationIsVisible = 0;
			defaultConfigurationName = Release;
		};
/* End XCConfigurationList section */
	};
	rootObject = DCE1F3442B87978900E7F9BC /* Project object */;
}
